lockVersion: 2.0.0
id: b5451c3d-2473-444c-bd62-9bf8987cd90b
management:
  docChecksum: a02e5d5c441f1401a5177193bd02f2f9
  docVersion: 1.0.0
  speakeasyVersion: 1.615.0
  generationVersion: 2.698.0
  releaseVersion: 0.3.0
  configChecksum: 46047f5b540d2cc85a4d36dd35c8074a
features:
  terraform:
    additionalDependencies: 0.1.0
    constsAndDefaults: 0.2.1
    core: 3.44.1
    globalSecurity: 2.82.0
    globalServerURLs: 2.83.0
    globals: 3.0.3
    groups: 2.81.2
    ignores: 2.81.1
    inputOutputModels: 2.83.0
    nameOverrides: 2.81.3
    retries: 2.81.4
    typeOverrides: 2.81.1
    unions: 2.81.17
generatedFiles:
  - .gitattributes
  - USAGE.md
  - examples/README.md
  - examples/data-sources/apim_apiv4/data-source.tf
  - examples/data-sources/apim_application/data-source.tf
  - examples/data-sources/apim_shared_policy_group/data-source.tf
  - examples/data-sources/apim_subscription/data-source.tf
  - examples/resources/apim_apiv4/import-by-string-id.tf
  - examples/resources/apim_apiv4/import.sh
  - examples/resources/apim_application/import-by-string-id.tf
  - examples/resources/apim_application/import.sh
  - examples/resources/apim_application/resource.tf
  - examples/resources/apim_shared_policy_group/import-by-string-id.tf
  - examples/resources/apim_shared_policy_group/import.sh
  - examples/resources/apim_shared_policy_group/resource.tf
  - examples/resources/apim_subscription/import-by-string-id.tf
  - examples/resources/apim_subscription/import.sh
  - examples/resources/apim_subscription/resource.tf
  - go.mod
  - go.sum
  - internal/planmodifiers/boolplanmodifier/suppress_diff.go
  - internal/planmodifiers/float32planmodifier/suppress_diff.go
  - internal/planmodifiers/float64planmodifier/suppress_diff.go
  - internal/planmodifiers/int32planmodifier/suppress_diff.go
  - internal/planmodifiers/int64planmodifier/suppress_diff.go
  - internal/planmodifiers/listplanmodifier/suppress_diff.go
  - internal/planmodifiers/mapplanmodifier/suppress_diff.go
  - internal/planmodifiers/numberplanmodifier/suppress_diff.go
  - internal/planmodifiers/objectplanmodifier/suppress_diff.go
  - internal/planmodifiers/setplanmodifier/suppress_diff.go
  - internal/planmodifiers/stringplanmodifier/suppress_diff.go
  - internal/planmodifiers/utils/state_check.go
  - internal/provider/apiv4_data_source.go
  - internal/provider/apiv4_data_source_sdk.go
  - internal/provider/apiv4_resource.go
  - internal/provider/apiv4_resource_sdk.go
  - internal/provider/application_data_source.go
  - internal/provider/application_data_source_sdk.go
  - internal/provider/application_resource.go
  - internal/provider/application_resource_sdk.go
  - internal/provider/provider.go
  - internal/provider/reflect/diags.go
  - internal/provider/reflect/doc.go
  - internal/provider/reflect/generic_attr_value.go
  - internal/provider/reflect/helpers.go
  - internal/provider/reflect/interfaces.go
  - internal/provider/reflect/into.go
  - internal/provider/reflect/map.go
  - internal/provider/reflect/number.go
  - internal/provider/reflect/options.go
  - internal/provider/reflect/outof.go
  - internal/provider/reflect/pointer.go
  - internal/provider/reflect/primitive.go
  - internal/provider/reflect/slice.go
  - internal/provider/reflect/struct.go
  - internal/provider/sharedpolicygroup_data_source.go
  - internal/provider/sharedpolicygroup_data_source_sdk.go
  - internal/provider/sharedpolicygroup_resource.go
  - internal/provider/sharedpolicygroup_resource_sdk.go
  - internal/provider/subscription_data_source.go
  - internal/provider/subscription_data_source_sdk.go
  - internal/provider/subscription_resource.go
  - internal/provider/subscription_resource_sdk.go
  - internal/provider/typeconvert/date.go
  - internal/provider/typeconvert/datetime.go
  - internal/provider/typeconvert/int.go
  - internal/provider/types/access_control.go
  - internal/provider/types/analytics.go
  - internal/provider/types/api_services.go
  - internal/provider/types/application_o_auth_client_settings.go
  - internal/provider/types/application_settings.go
  - internal/provider/types/application_tls_settings.go
  - internal/provider/types/channel_selector.go
  - internal/provider/types/condition_selector.go
  - internal/provider/types/cors.go
  - internal/provider/types/dlq.go
  - internal/provider/types/endpoint_group_services.go
  - internal/provider/types/endpoint_group_v4.go
  - internal/provider/types/endpoint_services.go
  - internal/provider/types/endpoint_v4.go
  - internal/provider/types/entrypoint.go
  - internal/provider/types/failover_v4.go
  - internal/provider/types/flow_execution.go
  - internal/provider/types/flow_v4.go
  - internal/provider/types/http_listener.go
  - internal/provider/types/http_selector.go
  - internal/provider/types/kafka_listener.go
  - internal/provider/types/listener.go
  - internal/provider/types/load_balancer.go
  - internal/provider/types/logging_content_v4.go
  - internal/provider/types/logging_mode_v4.go
  - internal/provider/types/logging_phase.go
  - internal/provider/types/logging_v4.go
  - internal/provider/types/member.go
  - internal/provider/types/metadata.go
  - internal/provider/types/page_media.go
  - internal/provider/types/page_source.go
  - internal/provider/types/page_v4.go
  - internal/provider/types/page_v4_translation.go
  - internal/provider/types/path_v4.go
  - internal/provider/types/plan_security.go
  - internal/provider/types/plan_v4.go
  - internal/provider/types/primary_owner.go
  - internal/provider/types/property.go
  - internal/provider/types/property1.go
  - internal/provider/types/resource.go
  - internal/provider/types/response_template.go
  - internal/provider/types/revision.go
  - internal/provider/types/sampling.go
  - internal/provider/types/selector.go
  - internal/provider/types/service_v4.go
  - internal/provider/types/simple_application_settings.go
  - internal/provider/types/step_v4.go
  - internal/provider/types/subscription_listener.go
  - internal/provider/types/tcp_listener.go
  - internal/provider/types/tracing_v4.go
  - internal/provider/utils.go
  - internal/sdk/.gitattributes
  - internal/sdk/apis.go
  - internal/sdk/applications.go
  - internal/sdk/docs/models/operations/option.md
  - internal/sdk/graviteeapim.go
  - internal/sdk/internal/config/sdkconfiguration.go
  - internal/sdk/internal/globals/globals.go
  - internal/sdk/internal/hooks/hooks.go
  - internal/sdk/internal/utils/contenttype.go
  - internal/sdk/internal/utils/env.go
  - internal/sdk/internal/utils/form.go
  - internal/sdk/internal/utils/headers.go
  - internal/sdk/internal/utils/json.go
  - internal/sdk/internal/utils/pathparams.go
  - internal/sdk/internal/utils/queryparams.go
  - internal/sdk/internal/utils/requestbody.go
  - internal/sdk/internal/utils/retries.go
  - internal/sdk/internal/utils/security.go
  - internal/sdk/internal/utils/utils.go
  - internal/sdk/models/errors/apierror.go
  - internal/sdk/models/operations/createorupdateapis.go
  - internal/sdk/models/operations/createorupdateapplications.go
  - internal/sdk/models/operations/createorupdatepolicygroup.go
  - internal/sdk/models/operations/createorupdatesubscriptions.go
  - internal/sdk/models/operations/deleteapi.go
  - internal/sdk/models/operations/deleteapplication.go
  - internal/sdk/models/operations/deletepolicygroup.go
  - internal/sdk/models/operations/deletesubscription.go
  - internal/sdk/models/operations/getapi.go
  - internal/sdk/models/operations/getapplication.go
  - internal/sdk/models/operations/getpolicygroup.go
  - internal/sdk/models/operations/getsubscription.go
  - internal/sdk/models/operations/options.go
  - internal/sdk/models/shared/accesscontrol.go
  - internal/sdk/models/shared/analytics.go
  - internal/sdk/models/shared/apilifecyclestate.go
  - internal/sdk/models/shared/apiservices.go
  - internal/sdk/models/shared/apitype.go
  - internal/sdk/models/shared/apiv4spec.go
  - internal/sdk/models/shared/apiv4state.go
  - internal/sdk/models/shared/applicationoauthclientsettings.go
  - internal/sdk/models/shared/applicationsettings.go
  - internal/sdk/models/shared/applicationspec.go
  - internal/sdk/models/shared/applicationstate.go
  - internal/sdk/models/shared/applicationtlssettings.go
  - internal/sdk/models/shared/channelselector.go
  - internal/sdk/models/shared/conditionselector.go
  - internal/sdk/models/shared/cors.go
  - internal/sdk/models/shared/dlq.go
  - internal/sdk/models/shared/endpointgroupservices.go
  - internal/sdk/models/shared/endpointgroupv4.go
  - internal/sdk/models/shared/endpointservices.go
  - internal/sdk/models/shared/endpointv4.go
  - internal/sdk/models/shared/entrypoint.go
  - internal/sdk/models/shared/error.go
  - internal/sdk/models/shared/errors.go
  - internal/sdk/models/shared/failoverv4.go
  - internal/sdk/models/shared/flowexecution.go
  - internal/sdk/models/shared/flowmode.go
  - internal/sdk/models/shared/flowphase.go
  - internal/sdk/models/shared/flowv4.go
  - internal/sdk/models/shared/httperror.go
  - internal/sdk/models/shared/httplistener.go
  - internal/sdk/models/shared/httpmethod.go
  - internal/sdk/models/shared/httpselector.go
  - internal/sdk/models/shared/kafkalistener.go
  - internal/sdk/models/shared/lifecyclestate.go
  - internal/sdk/models/shared/listener.go
  - internal/sdk/models/shared/listenertype.go
  - internal/sdk/models/shared/loadbalancer.go
  - internal/sdk/models/shared/loggingcontentv4.go
  - internal/sdk/models/shared/loggingmodev4.go
  - internal/sdk/models/shared/loggingphase.go
  - internal/sdk/models/shared/loggingv4.go
  - internal/sdk/models/shared/member.go
  - internal/sdk/models/shared/memberinput.go
  - internal/sdk/models/shared/membershipmembertype.go
  - internal/sdk/models/shared/metadata.go
  - internal/sdk/models/shared/metadataformat.go
  - internal/sdk/models/shared/operator.go
  - internal/sdk/models/shared/pagemedia.go
  - internal/sdk/models/shared/pagesource.go
  - internal/sdk/models/shared/pagetype.go
  - internal/sdk/models/shared/pagev4.go
  - internal/sdk/models/shared/pagev4input.go
  - internal/sdk/models/shared/pagev4translation.go
  - internal/sdk/models/shared/pagev4translationinput.go
  - internal/sdk/models/shared/pathv4.go
  - internal/sdk/models/shared/planmode.go
  - internal/sdk/models/shared/plansecurity.go
  - internal/sdk/models/shared/plansecuritytype.go
  - internal/sdk/models/shared/planstatus.go
  - internal/sdk/models/shared/plantype.go
  - internal/sdk/models/shared/planv4.go
  - internal/sdk/models/shared/planvalidation.go
  - internal/sdk/models/shared/primaryowner.go
  - internal/sdk/models/shared/property.go
  - internal/sdk/models/shared/propertyoutput.go
  - internal/sdk/models/shared/qos.go
  - internal/sdk/models/shared/resource.go
  - internal/sdk/models/shared/responsetemplate.go
  - internal/sdk/models/shared/revision.go
  - internal/sdk/models/shared/sampling.go
  - internal/sdk/models/shared/schemebasicauth.go
  - internal/sdk/models/shared/security.go
  - internal/sdk/models/shared/selector.go
  - internal/sdk/models/shared/servicev4.go
  - internal/sdk/models/shared/sharedpolicygroupspec.go
  - internal/sdk/models/shared/sharedpolicygroupstate.go
  - internal/sdk/models/shared/simpleapplicationsettings.go
  - internal/sdk/models/shared/stepv4.go
  - internal/sdk/models/shared/subscriptionlistener.go
  - internal/sdk/models/shared/subscriptionspec.go
  - internal/sdk/models/shared/subscriptionstate.go
  - internal/sdk/models/shared/tcplistener.go
  - internal/sdk/models/shared/tracingv4.go
  - internal/sdk/models/shared/visibility.go
  - internal/sdk/retry/config.go
  - internal/sdk/sharedpolicygroups.go
  - internal/sdk/subscriptions.go
  - internal/sdk/types/bigint.go
  - internal/sdk/types/date.go
  - internal/sdk/types/datetime.go
  - internal/sdk/types/decimal.go
  - internal/sdk/types/pointers.go
  - internal/validators/DateValidator.go
  - internal/validators/ExactlyOneChild.go
  - internal/validators/JSONParseValidator.go
  - internal/validators/RFC3339Validator.go
  - internal/validators/boolvalidators/not_null.go
  - internal/validators/float32validators/not_null.go
  - internal/validators/float64validators/not_null.go
  - internal/validators/int32validators/not_null.go
  - internal/validators/int64validators/not_null.go
  - internal/validators/listvalidators/not_null.go
  - internal/validators/mapvalidators/not_null.go
  - internal/validators/numbervalidators/not_null.go
  - internal/validators/objectvalidators/not_null.go
  - internal/validators/setvalidators/not_null.go
  - internal/validators/stringvalidators/not_null.go
  - main.go
  - terraform-registry-manifest.json
  - tools/tools.go
examples:
  createOrUpdateApis:
    speakeasy-default-create-or-update-apis:
      parameters:
        path:
          orgId: "DEFAULT"
          envId: "DEFAULT"
        query:
          dryRun: false
      requestBody:
        application/json: {"hrid": "my_demo_api", "name": "My Api", "version": "1.0.0", "type": "MESSAGE", "description": "I can use many characters to describe this API.", "tags": ["public"], "listeners": [], "endpointGroups": [{"name": "default-endpoint-group", "type": "default", "loadBalancer": {"type": "ROUND_ROBIN"}, "endpoints": [{"name": "default-endpoint", "type": "mock", "weight": 1, "inheritConfiguration": false, "secondary": false}]}], "plans": [], "flowExecution": {"mode": "BEST_MATCH", "matchRequired": false}, "flows": [], "groups": [], "visibility": "PUBLIC", "state": "STARTED", "primaryOwner": {"id": "00f8c9e7-78fc-4907-b8c9-e778fc790750", "email": "john.doe@example.com", "displayName": "John Doe", "type": "USER"}, "labels": [], "metadata": [{"name": "<value>", "format": "DATE"}], "lifecycleState": "CREATED", "categories": ["health", "media"], "members": [{"source": "system", "sourceId": "john.doe@example.com", "role": "REVIEWER"}], "notifyMembers": true, "pages": []}
      responses:
        "200":
          application/json: {"hrid": "my_demo_api", "name": "My Api", "version": "1.0.0", "type": "MESSAGE", "description": "I can use many characters to describe this API.", "tags": ["public"], "listeners": [], "endpointGroups": [{"name": "default-endpoint-group", "type": "default", "loadBalancer": {"type": "ROUND_ROBIN"}, "endpoints": [{"name": "default-endpoint", "type": "mock", "weight": 1, "inheritConfiguration": false, "secondary": false}]}], "plans": [], "flowExecution": {"mode": "BEST_MATCH", "matchRequired": false}, "flows": [], "groups": [], "visibility": "PUBLIC", "state": "STARTED", "primaryOwner": {"id": "00f8c9e7-78fc-4907-b8c9-e778fc790750", "email": "john.doe@example.com", "displayName": "John Doe", "type": "USER"}, "labels": [], "metadata": [{"name": "<value>", "format": "DATE"}], "lifecycleState": "CREATED", "categories": ["health", "media"], "members": [{"source": "system", "sourceId": "john.doe@example.com", "role": "REVIEWER"}], "pages": []}
        "400":
          application/json: {"httpStatus": 400, "message": "Bad request", "technicalCode": "invalid.import.definition", "details": [{"message": "Bad request", "location": "updateApi.properties[0].key"}]}
        default:
          application/json: {"httpStatus": 400, "message": "Bad request", "technicalCode": "invalid.import.definition", "details": [{"message": "Bad request", "location": "updateApi.properties[0].key"}]}
  getApi:
    speakeasy-default-get-api:
      parameters:
        path:
          orgId: "DEFAULT"
          envId: "DEFAULT"
          hrid: "<id>"
      responses:
        "200":
          application/json: {"hrid": "my_demo_api", "name": "My Api", "version": "1.0.0", "type": "MESSAGE", "description": "I can use many characters to describe this API.", "tags": ["public"], "listeners": [{"type": "KAFKA", "host": "unique-king.org"}], "endpointGroups": [{"name": "default-endpoint-group", "type": "default", "loadBalancer": {"type": "ROUND_ROBIN"}, "endpoints": [{"name": "default-endpoint", "type": "mock", "weight": 1, "inheritConfiguration": false, "secondary": false}]}], "plans": [], "flowExecution": {"mode": "BEST_MATCH", "matchRequired": false}, "flows": [], "groups": [], "visibility": "PUBLIC", "state": "STARTED", "primaryOwner": {"id": "00f8c9e7-78fc-4907-b8c9-e778fc790750", "email": "john.doe@example.com", "displayName": "John Doe", "type": "USER"}, "labels": [], "metadata": [{"name": "<value>", "format": "DATE"}], "lifecycleState": "CREATED", "categories": ["health", "media"], "members": [{"source": "system", "sourceId": "john.doe@example.com", "role": "REVIEWER"}], "pages": []}
        "401":
          application/json: {"httpStatus": 400, "message": "Bad request", "technicalCode": "invalid.import.definition", "details": [{"message": "Bad request", "location": "updateApi.properties[0].key"}]}
        default:
          application/json: {"httpStatus": 400, "message": "Bad request", "technicalCode": "invalid.import.definition", "details": [{"message": "Bad request", "location": "updateApi.properties[0].key"}]}
  deleteApi:
    speakeasy-default-delete-api:
      parameters:
        path:
          orgId: "DEFAULT"
          envId: "DEFAULT"
          hrid: "<id>"
      responses:
        "401":
          application/json: {"httpStatus": 400, "message": "Bad request", "technicalCode": "invalid.import.definition", "details": [{"message": "Bad request", "location": "updateApi.properties[0].key"}]}
        default:
          application/json: {"httpStatus": 400, "message": "Bad request", "technicalCode": "invalid.import.definition", "details": [{"message": "Bad request", "location": "updateApi.properties[0].key"}]}
  createOrUpdateApplications:
    speakeasy-default-create-or-update-applications:
      parameters:
        path:
          orgId: "DEFAULT"
          envId: "DEFAULT"
        query:
          dryRun: false
      requestBody:
        application/json: {"hrid": "my_demo_api", "name": "Example Application", "description": "This is the documentation explaining purpose of this Application  .", "domain": "examples.com", "groups": ["developers"], "pictureUrl": "https://upload.wikimedia.org/wikipedia/fr/0/09/Logo_App_Store_d%27Apple.png", "notifyMembers": false, "background": "https://upload.wikimedia.org/wikipedia/commons/d/df/Green_Red_Gradient_Background.png", "primaryOwner": {"id": "00f8c9e7-78fc-4907-b8c9-e778fc790750", "email": "john.doe@example.com", "displayName": "John Doe", "type": "USER"}, "settings": {"app": {"type": "web", "clientId": "example-client-id"}, "oauth": {"applicationType": "browser", "grantTypes": ["authorization_code"], "redirectUris": ["https://myapp.example.com/oauth/callback"]}, "tls": {"clientCertificate": "-----BEGIN CERTIFICATE-----\nMIIDfjCCAmagAwIBAgIUfHj3mygGaOfd1u1Uj09L6vY5stcwDQYJKoZIhvcNAQEL\nBQAwRTELMAkGA1UEBhMCQVUxEzARBgNVBAgMClNvbWUtU3RhdGUxITAfBgNVBAoM\nGEludGVybmV0IFdpZGdpdHMgUHR5IEx0ZDAeFw0yNTA4MDUxNTUyMTBaFw0yNjA4\nMDUxNTUyMTBaMGkxCzAJBgNVBAYTAlVTMQ4wDAYDVQQIDAVTdGF0ZTENMAsGA1UE\nBwwEQ2l0eTEVMBMGA1UECgwMT3JnYW5pemF0aW9uMRMwEQYDVQQLDApEZXBhcnRt\nZW50MQ8wDQYDVQQDDAZjbGllbnQwggEiMA0GCSqGSIb3DQEBAQUAA4IBDwAwggEK\nAoIBAQDW862KHvjkq0EtwZJO/xw+QoTnRB0qm4E5+1wspC1er6tOm3hTJqCzfKwQ\ngZQKoP1Eq1PhM8GzceeqGjh8VZJaDmWwiJZdk5fprrZ1Lvwwl010lnh4MEhtN0Dw\nlwHSZCQ/vSvEDWJXugiE4F1OvAgi2+lIR5uYfyy2U6YbhlcVPdGAboBAFSQnxECF\n1gDpc3dFarPXfO/X3yf/BzAHys6IyMyqvBbur3K2UTO4gJL+59/DEyAwx7ofwukj\nTWpgGNDXlNFYwKk9qTSTbxdcofAVCjrBCEDTdoPkvrr5SxI7dV/ha5y33iOI4VPV\no6vN/58RJz+ZMI0mbOBeluqBW+xBAgMBAAGjQjBAMB0GA1UdDgQWBBTjpQ+KfcmK\nw4hCptY8iK/LX9BOhzAfBgNVHSMEGDAWgBQYdcUWurMS8FEEMzcJlFm2d4Dk3DAN\nBgkqhkiG9w0BAQsFAAOCAQEAoyv0RhgEbRNmyFF6WoTeH4durjmZRe3SCtum0Mnv\n4TOGT4sstPdz0l24psroL33z3jtsY8IrbqnSfTXWbziSCanDXnMHOewLykgN0ld0\nPHa2i5naU5tMeGdWeM80ZTXU7GMiiCkgrRai/V7GkXNKYTIdBontiLpbxUaGLpjY\naMYoCmHIEizazQP9xaAtm40CkYub1o40kgyQULyrwftqrlRtKshfYmHB6yxYVz60\npikgTVupVbhYcNMLOVXO7Q31UEYfC7fxMGqzybXg67EhvzoykXhhYo3YqAjho2yh\num2oEO8b5eQVAwRaooVLh0uqjZCpfN2ozscPpiTM9Pj3xQ==\n-----END CERTIFICATE-----\n"}}, "metadata": [{"name": "<value>", "format": "DATE"}], "members": [{"source": "system", "sourceId": "john.doe@example.com", "role": "REVIEWER"}], "status": "ACTIVE"}
      responses:
        "400":
          application/json: {"httpStatus": 400, "message": "Bad request", "technicalCode": "invalid.import.definition", "details": [{"message": "Bad request", "location": "updateApi.properties[0].key"}]}
        default:
          application/json: {"httpStatus": 400, "message": "Bad request", "technicalCode": "invalid.import.definition", "details": [{"message": "Bad request", "location": "updateApi.properties[0].key"}]}
        "200":
          application/json: {"hrid": "my_demo_api", "name": "Example Application", "description": "This is the documentation explaining purpose of this Application  .", "domain": "examples.com", "groups": ["developers"], "pictureUrl": "https://upload.wikimedia.org/wikipedia/fr/0/09/Logo_App_Store_d%27Apple.png", "notifyMembers": false, "background": "https://upload.wikimedia.org/wikipedia/commons/d/df/Green_Red_Gradient_Background.png", "primaryOwner": {"id": "00f8c9e7-78fc-4907-b8c9-e778fc790750", "email": "john.doe@example.com", "displayName": "John Doe", "type": "USER"}, "settings": {"app": {"type": "web", "clientId": "example-client-id"}, "oauth": {"applicationType": "browser", "grantTypes": ["authorization_code"], "redirectUris": ["https://myapp.example.com/oauth/callback"]}, "tls": {"clientCertificate": "-----BEGIN CERTIFICATE-----\nMIIDfjCCAmagAwIBAgIUfHj3mygGaOfd1u1Uj09L6vY5stcwDQYJKoZIhvcNAQEL\nBQAwRTELMAkGA1UEBhMCQVUxEzARBgNVBAgMClNvbWUtU3RhdGUxITAfBgNVBAoM\nGEludGVybmV0IFdpZGdpdHMgUHR5IEx0ZDAeFw0yNTA4MDUxNTUyMTBaFw0yNjA4\nMDUxNTUyMTBaMGkxCzAJBgNVBAYTAlVTMQ4wDAYDVQQIDAVTdGF0ZTENMAsGA1UE\nBwwEQ2l0eTEVMBMGA1UECgwMT3JnYW5pemF0aW9uMRMwEQYDVQQLDApEZXBhcnRt\nZW50MQ8wDQYDVQQDDAZjbGllbnQwggEiMA0GCSqGSIb3DQEBAQUAA4IBDwAwggEK\nAoIBAQDW862KHvjkq0EtwZJO/xw+QoTnRB0qm4E5+1wspC1er6tOm3hTJqCzfKwQ\ngZQKoP1Eq1PhM8GzceeqGjh8VZJaDmWwiJZdk5fprrZ1Lvwwl010lnh4MEhtN0Dw\nlwHSZCQ/vSvEDWJXugiE4F1OvAgi2+lIR5uYfyy2U6YbhlcVPdGAboBAFSQnxECF\n1gDpc3dFarPXfO/X3yf/BzAHys6IyMyqvBbur3K2UTO4gJL+59/DEyAwx7ofwukj\nTWpgGNDXlNFYwKk9qTSTbxdcofAVCjrBCEDTdoPkvrr5SxI7dV/ha5y33iOI4VPV\no6vN/58RJz+ZMI0mbOBeluqBW+xBAgMBAAGjQjBAMB0GA1UdDgQWBBTjpQ+KfcmK\nw4hCptY8iK/LX9BOhzAfBgNVHSMEGDAWgBQYdcUWurMS8FEEMzcJlFm2d4Dk3DAN\nBgkqhkiG9w0BAQsFAAOCAQEAoyv0RhgEbRNmyFF6WoTeH4durjmZRe3SCtum0Mnv\n4TOGT4sstPdz0l24psroL33z3jtsY8IrbqnSfTXWbziSCanDXnMHOewLykgN0ld0\nPHa2i5naU5tMeGdWeM80ZTXU7GMiiCkgrRai/V7GkXNKYTIdBontiLpbxUaGLpjY\naMYoCmHIEizazQP9xaAtm40CkYub1o40kgyQULyrwftqrlRtKshfYmHB6yxYVz60\npikgTVupVbhYcNMLOVXO7Q31UEYfC7fxMGqzybXg67EhvzoykXhhYo3YqAjho2yh\num2oEO8b5eQVAwRaooVLh0uqjZCpfN2ozscPpiTM9Pj3xQ==\n-----END CERTIFICATE-----\n"}}, "metadata": [{"name": "<value>", "format": "DATE"}], "members": [{"source": "system", "sourceId": "john.doe@example.com", "role": "REVIEWER"}], "status": "ACTIVE", "id": "550e8400-e29b-41d4-a716-446655440000"}
  getApplication:
    speakeasy-default-get-application:
      parameters:
        path:
          orgId: "DEFAULT"
          envId: "DEFAULT"
          hrid: "<id>"
      responses:
        "200":
          application/json: {"hrid": "my_demo_api", "name": "Example Application", "description": "This is the documentation explaining purpose of this Application  .", "domain": "examples.com", "groups": ["developers"], "pictureUrl": "https://upload.wikimedia.org/wikipedia/fr/0/09/Logo_App_Store_d%27Apple.png", "notifyMembers": false, "background": "https://upload.wikimedia.org/wikipedia/commons/d/df/Green_Red_Gradient_Background.png", "primaryOwner": {"id": "00f8c9e7-78fc-4907-b8c9-e778fc790750", "email": "john.doe@example.com", "displayName": "John Doe", "type": "USER"}, "settings": {"app": {"type": "web", "clientId": "example-client-id"}, "oauth": {"applicationType": "browser", "grantTypes": ["authorization_code"], "redirectUris": ["https://myapp.example.com/oauth/callback"]}, "tls": {"clientCertificate": "-----BEGIN CERTIFICATE-----\nMIIDfjCCAmagAwIBAgIUfHj3mygGaOfd1u1Uj09L6vY5stcwDQYJKoZIhvcNAQEL\nBQAwRTELMAkGA1UEBhMCQVUxEzARBgNVBAgMClNvbWUtU3RhdGUxITAfBgNVBAoM\nGEludGVybmV0IFdpZGdpdHMgUHR5IEx0ZDAeFw0yNTA4MDUxNTUyMTBaFw0yNjA4\nMDUxNTUyMTBaMGkxCzAJBgNVBAYTAlVTMQ4wDAYDVQQIDAVTdGF0ZTENMAsGA1UE\nBwwEQ2l0eTEVMBMGA1UECgwMT3JnYW5pemF0aW9uMRMwEQYDVQQLDApEZXBhcnRt\nZW50MQ8wDQYDVQQDDAZjbGllbnQwggEiMA0GCSqGSIb3DQEBAQUAA4IBDwAwggEK\nAoIBAQDW862KHvjkq0EtwZJO/xw+QoTnRB0qm4E5+1wspC1er6tOm3hTJqCzfKwQ\ngZQKoP1Eq1PhM8GzceeqGjh8VZJaDmWwiJZdk5fprrZ1Lvwwl010lnh4MEhtN0Dw\nlwHSZCQ/vSvEDWJXugiE4F1OvAgi2+lIR5uYfyy2U6YbhlcVPdGAboBAFSQnxECF\n1gDpc3dFarPXfO/X3yf/BzAHys6IyMyqvBbur3K2UTO4gJL+59/DEyAwx7ofwukj\nTWpgGNDXlNFYwKk9qTSTbxdcofAVCjrBCEDTdoPkvrr5SxI7dV/ha5y33iOI4VPV\no6vN/58RJz+ZMI0mbOBeluqBW+xBAgMBAAGjQjBAMB0GA1UdDgQWBBTjpQ+KfcmK\nw4hCptY8iK/LX9BOhzAfBgNVHSMEGDAWgBQYdcUWurMS8FEEMzcJlFm2d4Dk3DAN\nBgkqhkiG9w0BAQsFAAOCAQEAoyv0RhgEbRNmyFF6WoTeH4durjmZRe3SCtum0Mnv\n4TOGT4sstPdz0l24psroL33z3jtsY8IrbqnSfTXWbziSCanDXnMHOewLykgN0ld0\nPHa2i5naU5tMeGdWeM80ZTXU7GMiiCkgrRai/V7GkXNKYTIdBontiLpbxUaGLpjY\naMYoCmHIEizazQP9xaAtm40CkYub1o40kgyQULyrwftqrlRtKshfYmHB6yxYVz60\npikgTVupVbhYcNMLOVXO7Q31UEYfC7fxMGqzybXg67EhvzoykXhhYo3YqAjho2yh\num2oEO8b5eQVAwRaooVLh0uqjZCpfN2ozscPpiTM9Pj3xQ==\n-----END CERTIFICATE-----\n"}}, "metadata": [{"name": "<value>", "format": "DATE"}], "members": [{"source": "system", "sourceId": "john.doe@example.com", "role": "REVIEWER"}], "status": "ACTIVE", "id": "550e8400-e29b-41d4-a716-446655440000"}
        "401":
          application/json: {"httpStatus": 400, "message": "Bad request", "technicalCode": "invalid.import.definition", "details": [{"message": "Bad request", "location": "updateApi.properties[0].key"}]}
        default:
          application/json: {"httpStatus": 400, "message": "Bad request", "technicalCode": "invalid.import.definition", "details": [{"message": "Bad request", "location": "updateApi.properties[0].key"}]}
  deleteApplication:
    speakeasy-default-delete-application:
      parameters:
        path:
          orgId: "DEFAULT"
          envId: "DEFAULT"
          hrid: "<id>"
      responses:
        default:
          application/json: {"httpStatus": 400, "message": "Bad request", "technicalCode": "invalid.import.definition", "details": [{"message": "Bad request", "location": "updateApi.properties[0].key"}]}
        "401":
          application/json: {"httpStatus": 400, "message": "Bad request", "technicalCode": "invalid.import.definition", "details": [{"message": "Bad request", "location": "updateApi.properties[0].key"}]}
  createOrUpdateSubscriptions:
    speakeasy-default-create-or-update-subscriptions:
      parameters:
        path:
          orgId: "DEFAULT"
          envId: "DEFAULT"
          apiHrid: "<id>"
      requestBody:
        application/json: {"hrid": "my_demo_api", "applicationHrid": "demo-app", "planHrid": "demo-plan", "endingAt": "2040-12-25T09:12:28Z"}
      responses:
        "200":
          application/json: {"hrid": "my_demo_api", "applicationHrid": "demo-app", "planHrid": "demo-plan", "endingAt": "2040-12-25T09:12:28Z", "apiHrid": "demo-api", "startingAt": "2040-12-25T09:12:28+01:00"}
        "400":
          application/json: {"httpStatus": 400, "message": "Bad request", "technicalCode": "invalid.import.definition", "details": [{"message": "Bad request", "location": "updateApi.properties[0].key"}]}
        default:
          application/json: {"httpStatus": 400, "message": "Bad request", "technicalCode": "invalid.import.definition", "details": [{"message": "Bad request", "location": "updateApi.properties[0].key"}]}
  getSubscription:
    speakeasy-default-get-subscription:
      parameters:
        path:
          orgId: "DEFAULT"
          envId: "DEFAULT"
          hrid: "<id>"
          apiHrid: "<id>"
      responses:
        "200":
          application/json: {"hrid": "my_demo_api", "applicationHrid": "demo-app", "planHrid": "demo-plan", "endingAt": "2040-12-25T09:12:28Z", "apiHrid": "demo-api", "startingAt": "2040-12-25T09:12:28+01:00"}
        "401":
          application/json: {"httpStatus": 400, "message": "Bad request", "technicalCode": "invalid.import.definition", "details": [{"message": "Bad request", "location": "updateApi.properties[0].key"}]}
        default:
          application/json: {"httpStatus": 400, "message": "Bad request", "technicalCode": "invalid.import.definition", "details": [{"message": "Bad request", "location": "updateApi.properties[0].key"}]}
  deleteSubscription:
    speakeasy-default-delete-subscription:
      parameters:
        path:
          orgId: "DEFAULT"
          envId: "DEFAULT"
          hrid: "<id>"
          apiHrid: "<id>"
      responses:
        default:
          application/json: {"httpStatus": 400, "message": "Bad request", "technicalCode": "invalid.import.definition", "details": [{"message": "Bad request", "location": "updateApi.properties[0].key"}]}
        "401":
          application/json: {"httpStatus": 400, "message": "Bad request", "technicalCode": "invalid.import.definition", "details": [{"message": "Bad request", "location": "updateApi.properties[0].key"}]}
  getPolicyGroup:
    speakeasy-default-get-policy-group:
      parameters:
        path:
          orgId: "DEFAULT"
          envId: "DEFAULT"
          hrid: "<id>"
      responses:
        "200":
          application/json: {"hrid": "my_demo_api", "apiType": "MESSAGE", "description": "this is a shared policy group", "prerequisiteMessage": "the resource cache \"my-cache\" is required", "name": "My Shared Policy Group", "phase": "REQUEST"}
        "401":
          application/json: {"httpStatus": 400, "message": "Bad request", "technicalCode": "invalid.import.definition", "details": [{"message": "Bad request", "location": "updateApi.properties[0].key"}]}
        default:
          application/json: {"httpStatus": 400, "message": "Bad request", "technicalCode": "invalid.import.definition", "details": [{"message": "Bad request", "location": "updateApi.properties[0].key"}]}
  deletePolicyGroup:
    speakeasy-default-delete-policy-group:
      parameters:
        path:
          orgId: "DEFAULT"
          envId: "DEFAULT"
          hrid: "<id>"
        query:
          dryRun: false
      responses:
        default:
          application/json: {"httpStatus": 400, "message": "Bad request", "technicalCode": "invalid.import.definition", "details": [{"message": "Bad request", "location": "updateApi.properties[0].key"}]}
        "401":
          application/json: {"httpStatus": 400, "message": "Bad request", "technicalCode": "invalid.import.definition", "details": [{"message": "Bad request", "location": "updateApi.properties[0].key"}]}
  createOrUpdatePolicyGroup:
    speakeasy-default-create-or-update-policy-group:
      parameters:
        path:
          orgId: "DEFAULT"
          envId: "DEFAULT"
        query:
          dryRun: false
      requestBody:
        application/json: {"hrid": "my_demo_api", "apiType": "MESSAGE", "description": "this is a shared policy group", "prerequisiteMessage": "the resource cache \"my-cache\" is required", "name": "My Shared Policy Group", "phase": "RESPONSE"}
      responses:
        "200":
          application/json: {"hrid": "my_demo_api", "apiType": "MESSAGE", "description": "this is a shared policy group", "prerequisiteMessage": "the resource cache \"my-cache\" is required", "name": "My Shared Policy Group", "phase": "INTERACT"}
        "400":
          application/json: {"httpStatus": 400, "message": "Bad request", "technicalCode": "invalid.import.definition", "details": [{"message": "Bad request", "location": "updateApi.properties[0].key"}]}
        default:
          application/json: {"httpStatus": 400, "message": "Bad request", "technicalCode": "invalid.import.definition", "details": [{"message": "Bad request", "location": "updateApi.properties[0].key"}]}
examplesVersion: 1.0.2
