speakeasyVersion: 1.637.3
sources:
    Gravitee.io - Automation API:
        sourceNamespace: gravitee-io-gko---automation-api
        sourceRevisionDigest: sha256:1931ee88b0b97e59974570d6c092d40b8cfe639d37757600281853513f3fb033
        sourceBlobDigest: sha256:e5bdd28116e0660af601a098573e8a5044ef09f829e56844984aec28f40ca240
        tags:
            - latest
            - 0.2.0
    automation-api:
        sourceNamespace: gravitee-io-gko---automation-api
        sourceRevisionDigest: sha256:a070be609d923bd9ac51c84f38a97e0f59fc115b7cab98a192c3e333c15134a9
        sourceBlobDigest: sha256:5cffd30b3b09281f3c2553c9649603048519c021dc2c393a4901f86da3eaf6b0
        tags:
            - latest
            - 1.0.0
targets:
    apim:
        source: automation-api
        sourceNamespace: gravitee-io-gko---automation-api
        sourceRevisionDigest: sha256:a070be609d923bd9ac51c84f38a97e0f59fc115b7cab98a192c3e333c15134a9
        sourceBlobDigest: sha256:5cffd30b3b09281f3c2553c9649603048519c021dc2c393a4901f86da3eaf6b0
    gravitee-apim:
        source: Gravitee.io - Automation API
        sourceNamespace: gravitee-io-gko---automation-api
        sourceRevisionDigest: sha256:1931ee88b0b97e59974570d6c092d40b8cfe639d37757600281853513f3fb033
        sourceBlobDigest: sha256:e5bdd28116e0660af601a098573e8a5044ef09f829e56844984aec28f40ca240
workflow:
    workflowVersion: 1.0.0
    speakeasyVersion: latest
    sources:
        automation-api:
            inputs:
                - location: schemas/automation-api-oas.yaml
            overlays:
                - location: schemas/overlays/oas-core.yaml
                - location: schemas/overlays/common-param.yaml
                - location: schemas/overlays/common-schema.yaml
                - location: schemas/overlays/apiv4.yaml
                - location: schemas/overlays/shared-policy-group.yaml
                - location: schemas/overlays/application.yaml
                - location: schemas/overlays/subscription.yaml
                - location: .speakeasy/speakeasy-modifications-overlay.yaml
            output: schemas/output/computed.yaml
            registry:
                location: registry.speakeasyapi.dev/gravitee/gravitee/gravitee-io-gko---automation-api
    targets:
        apim:
            target: terraform
            source: automation-api
